Microsoft Visual Studio Solution File, Format Version 12.00
# Visual Studio Version 17
VisualStudioVersion = 17.5.2.0
MinimumVisualStudioVersion = 10.0.40219.1
Project("{FAE04EC0-301F-11D3-BF4B-00C04F79EFBC}") = "ImageBarser", "ImageBarser.csproj", "{1D64B91D-36EE-44E9-82F3-19F34032C1AB}"
EndProject
Global
	GlobalSection(SolutionConfigurationPlatforms) = preSolution
		Debug|Any CPU = Debug|Any CPU
		Release|Any CPU = Release|Any CPU
	EndGlobalSection
	GlobalSection(ProjectConfigurationPlatforms) = postSolution
		{1D64B91D-36EE-44E9-82F3-19F34032C1AB}.Debug|Any CPU.ActiveCfg = Debug|Any CPU
		{1D64B91D-36EE-44E9-82F3-19F34032C1AB}.Debug|Any CPU.Build.0 = Debug|Any CPU
		{1D64B91D-36EE-44E9-82F3-19F34032C1AB}.Release|Any CPU.ActiveCfg = Release|Any CPU
		{1D64B91D-36EE-44E9-82F3-19F34032C1AB}.Release|Any CPU.Build.0 = Release|Any CPU
	EndGlobalSection
	GlobalSection(SolutionProperties) = preSolution
		HideSolutionNode = FALSE
	EndGlobalSection
	GlobalSection(ExtensibilityGlobals) = postSolution
		SolutionGuid = {74B511E9-E6F7-4108-A6E3-CE3AC5882F0F}
	EndGlobalSection
EndGlobal
